
Microsoft Visual Studio Solution File, Format Version 12.00
# Visual Studio Version 17
VisualStudioVersion = 17.0.31903.59
MinimumVisualStudioVersion = 10.0.40219.1
Project("{2150E333-8FDC-42A3-9474-1A3956D46DE8}") = "tests", "tests", "{0AB3BF05-4346-4AA6-1389-037BE0695223}"
EndProject
Project("{FAE04EC0-301F-11D3-BF4B-00C04F79EFBC}") = "Integration.Tests", "tests\Integration.Tests\Integration.Tests.csproj", "{2FEE1BC8-7E29-44CA-89BA-D792366708C6}"
EndProject
Project("{2150E333-8FDC-42A3-9474-1A3956D46DE8}") = "src", "src", "{827E0CD3-B72D-47B6-A68D-7590B98EB39B}"
EndProject
Project("{2150E333-8FDC-42A3-9474-1A3956D46DE8}") = "Shared", "Shared", "{C8E42992-5E42-0C2B-DBFE-AA848D06431C}"
EndProject
Project("{FAE04EC0-301F-11D3-BF4B-00C04F79EFBC}") = "EventApi.Contracts", "src\Shared\EventApi.Contracts\EventApi.Contracts.csproj", "{CEAE6102-B0C8-4D30-A2B2-7BD4449621B8}"
EndProject
Project("{2150E333-8FDC-42A3-9474-1A3956D46DE8}") = "Users", "Users", "{8D35EFEC-78C4-8934-F699-CDC21DCDF895}"
EndProject
Project("{FAE04EC0-301F-11D3-BF4B-00C04F79EFBC}") = "Users.Api", "src\Users\Users.Api\Users.Api.csproj", "{D7FC42E7-E344-4552-8529-C2822CF9C19C}"
EndProject
Project("{FAE04EC0-301F-11D3-BF4B-00C04F79EFBC}") = "Users.Application", "src\Users\Users.Application\Users.Application.csproj", "{59BEED69-C795-482F-A483-3120FEC58C25}"
EndProject
Project("{FAE04EC0-301F-11D3-BF4B-00C04F79EFBC}") = "Users.Domain", "src\Users\Users.Domain\Users.Domain.csproj", "{5FF90533-7E73-4D94-8F8F-68486923710F}"
EndProject
Project("{FAE04EC0-301F-11D3-BF4B-00C04F79EFBC}") = "Users.Infrastructure", "src\Users\Users.Infrastructure\Users.Infrastructure.csproj", "{35A1EA09-5916-4C4E-A3C4-3A3EDF7449BF}"
EndProject
Project("{2150E333-8FDC-42A3-9474-1A3956D46DE8}") = "Events", "Events", "{F8429904-7E2C-C2A1-B646-27B8C804A29C}"
EndProject
Project("{FAE04EC0-301F-11D3-BF4B-00C04F79EFBC}") = "Events.Api", "src\Events\Events.Api\Events.Api.csproj", "{2BA1AF41-2C6F-4395-8E24-FC2B7D9FE006}"
EndProject
Project("{FAE04EC0-301F-11D3-BF4B-00C04F79EFBC}") = "Events.Application", "src\Events\Events.Application\Events.Application.csproj", "{BDCD12AB-38DD-4D27-A61A-2EBB8D73698B}"
EndProject
Project("{FAE04EC0-301F-11D3-BF4B-00C04F79EFBC}") = "Events.Domain", "src\Events\Events.Domain\Events.Domain.csproj", "{CD8B7B37-1D1A-4EC8-AD8E-21A92F971543}"
EndProject
Project("{FAE04EC0-301F-11D3-BF4B-00C04F79EFBC}") = "Events.Infrastructure", "src\Events\Events.Infrastructure\Events.Infrastructure.csproj", "{864A69D7-4BCF-458E-B587-DA6E9B78199C}"
EndProject
Project("{2150E333-8FDC-42A3-9474-1A3956D46DE8}") = "Bookings", "Bookings", "{A3FD96FA-080B-1949-C19C-74D13802BED7}"
EndProject
Project("{FAE04EC0-301F-11D3-BF4B-00C04F79EFBC}") = "Bookings.Api", "src\Bookings\Bookings.Api\Bookings.Api.csproj", "{E6FB3F3B-677B-4E88-B864-4BD86703020F}"
EndProject
Project("{FAE04EC0-301F-11D3-BF4B-00C04F79EFBC}") = "Bookings.Application", "src\Bookings\Bookings.Application\Bookings.Application.csproj", "{6A45A377-02E6-476E-B537-2E4692EFADC1}"
EndProject
Project("{FAE04EC0-301F-11D3-BF4B-00C04F79EFBC}") = "Bookings.Domain", "src\Bookings\Bookings.Domain\Bookings.Domain.csproj", "{0ED12753-CA2D-45FD-95C7-EFCCF16F3353}"
EndProject
Project("{FAE04EC0-301F-11D3-BF4B-00C04F79EFBC}") = "Bookings.Infrastructure", "src\Bookings\Bookings.Infrastructure\Bookings.Infrastructure.csproj", "{D2165CAB-FACB-4199-AFB9-E01CC36C302E}"
EndProject
Project("{FAE04EC0-301F-11D3-BF4B-00C04F79EFBC}") = "Users.Tests", "tests\Users.Tests\Users.Tests.csproj", "{53DE22EC-1456-450B-8FC8-6C0BBDFAEB8E}"
EndProject
Project("{FAE04EC0-301F-11D3-BF4B-00C04F79EFBC}") = "Events.Tests", "tests\Events.Tests\Events.Tests.csproj", "{F20FDCD4-F3E5-4EC0-92FB-616077244595}"
EndProject
Project("{FAE04EC0-301F-11D3-BF4B-00C04F79EFBC}") = "Bookings.Tests", "tests\Bookings.Tests\Bookings.Tests.csproj", "{5538B477-5873-4C54-9106-593E1F827B0F}"
EndProject
Global
	GlobalSection(SolutionConfigurationPlatforms) = preSolution
		Debug|Any CPU = Debug|Any CPU
		Debug|x64 = Debug|x64
		Debug|x86 = Debug|x86
		Release|Any CPU = Release|Any CPU
		Release|x64 = Release|x64
		Release|x86 = Release|x86
	EndGlobalSection
	GlobalSection(ProjectConfigurationPlatforms) = postSolution
		{2FEE1BC8-7E29-44CA-89BA-D792366708C6}.Debug|Any CPU.ActiveCfg = Debug|Any CPU
		{2FEE1BC8-7E29-44CA-89BA-D792366708C6}.Debug|Any CPU.Build.0 = Debug|Any CPU
		{2FEE1BC8-7E29-44CA-89BA-D792366708C6}.Debug|x64.ActiveCfg = Debug|Any CPU
		{2FEE1BC8-7E29-44CA-89BA-D792366708C6}.Debug|x64.Build.0 = Debug|Any CPU
		{2FEE1BC8-7E29-44CA-89BA-D792366708C6}.Debug|x86.ActiveCfg = Debug|Any CPU
		{2FEE1BC8-7E29-44CA-89BA-D792366708C6}.Debug|x86.Build.0 = Debug|Any CPU
		{2FEE1BC8-7E29-44CA-89BA-D792366708C6}.Release|Any CPU.ActiveCfg = Release|Any CPU
		{2FEE1BC8-7E29-44CA-89BA-D792366708C6}.Release|Any CPU.Build.0 = Release|Any CPU
		{2FEE1BC8-7E29-44CA-89BA-D792366708C6}.Release|x64.ActiveCfg = Release|Any CPU
		{2FEE1BC8-7E29-44CA-89BA-D792366708C6}.Release|x64.Build.0 = Release|Any CPU
		{2FEE1BC8-7E29-44CA-89BA-D792366708C6}.Release|x86.ActiveCfg = Release|Any CPU
		{2FEE1BC8-7E29-44CA-89BA-D792366708C6}.Release|x86.Build.0 = Release|Any CPU
		{CEAE6102-B0C8-4D30-A2B2-7BD4449621B8}.Debug|Any CPU.ActiveCfg = Debug|Any CPU
		{CEAE6102-B0C8-4D30-A2B2-7BD4449621B8}.Debug|Any CPU.Build.0 = Debug|Any CPU
		{CEAE6102-B0C8-4D30-A2B2-7BD4449621B8}.Debug|x64.ActiveCfg = Debug|Any CPU
		{CEAE6102-B0C8-4D30-A2B2-7BD4449621B8}.Debug|x64.Build.0 = Debug|Any CPU
		{CEAE6102-B0C8-4D30-A2B2-7BD4449621B8}.Debug|x86.ActiveCfg = Debug|Any CPU
		{CEAE6102-B0C8-4D30-A2B2-7BD4449621B8}.Debug|x86.Build.0 = Debug|Any CPU
		{CEAE6102-B0C8-4D30-A2B2-7BD4449621B8}.Release|Any CPU.ActiveCfg = Release|Any CPU
		{CEAE6102-B0C8-4D30-A2B2-7BD4449621B8}.Release|Any CPU.Build.0 = Release|Any CPU
		{CEAE6102-B0C8-4D30-A2B2-7BD4449621B8}.Release|x64.ActiveCfg = Release|Any CPU
		{CEAE6102-B0C8-4D30-A2B2-7BD4449621B8}.Release|x64.Build.0 = Release|Any CPU
		{CEAE6102-B0C8-4D30-A2B2-7BD4449621B8}.Release|x86.ActiveCfg = Release|Any CPU
		{CEAE6102-B0C8-4D30-A2B2-7BD4449621B8}.Release|x86.Build.0 = Release|Any CPU
		{D7FC42E7-E344-4552-8529-C2822CF9C19C}.Debug|Any CPU.ActiveCfg = Debug|Any CPU
		{D7FC42E7-E344-4552-8529-C2822CF9C19C}.Debug|Any CPU.Build.0 = Debug|Any CPU
		{D7FC42E7-E344-4552-8529-C2822CF9C19C}.Debug|x64.ActiveCfg = Debug|Any CPU
		{D7FC42E7-E344-4552-8529-C2822CF9C19C}.Debug|x64.Build.0 = Debug|Any CPU
		{D7FC42E7-E344-4552-8529-C2822CF9C19C}.Debug|x86.ActiveCfg = Debug|Any CPU
		{D7FC42E7-E344-4552-8529-C2822CF9C19C}.Debug|x86.Build.0 = Debug|Any CPU
		{D7FC42E7-E344-4552-8529-C2822CF9C19C}.Release|Any CPU.ActiveCfg = Release|Any CPU
		{D7FC42E7-E344-4552-8529-C2822CF9C19C}.Release|Any CPU.Build.0 = Release|Any CPU
		{D7FC42E7-E344-4552-8529-C2822CF9C19C}.Release|x64.ActiveCfg = Release|Any CPU
		{D7FC42E7-E344-4552-8529-C2822CF9C19C}.Release|x64.Build.0 = Release|Any CPU
		{D7FC42E7-E344-4552-8529-C2822CF9C19C}.Release|x86.ActiveCfg = Release|Any CPU
		{D7FC42E7-E344-4552-8529-C2822CF9C19C}.Release|x86.Build.0 = Release|Any CPU
		{59BEED69-C795-482F-A483-3120FEC58C25}.Debug|Any CPU.ActiveCfg = Debug|Any CPU
		{59BEED69-C795-482F-A483-3120FEC58C25}.Debug|Any CPU.Build.0 = Debug|Any CPU
		{59BEED69-C795-482F-A483-3120FEC58C25}.Debug|x64.ActiveCfg = Debug|Any CPU
		{59BEED69-C795-482F-A483-3120FEC58C25}.Debug|x64.Build.0 = Debug|Any CPU
		{59BEED69-C795-482F-A483-3120FEC58C25}.Debug|x86.ActiveCfg = Debug|Any CPU
		{59BEED69-C795-482F-A483-3120FEC58C25}.Debug|x86.Build.0 = Debug|Any CPU
		{59BEED69-C795-482F-A483-3120FEC58C25}.Release|Any CPU.ActiveCfg = Release|Any CPU
		{59BEED69-C795-482F-A483-3120FEC58C25}.Release|Any CPU.Build.0 = Release|Any CPU
		{59BEED69-C795-482F-A483-3120FEC58C25}.Release|x64.ActiveCfg = Release|Any CPU
		{59BEED69-C795-482F-A483-3120FEC58C25}.Release|x64.Build.0 = Release|Any CPU
		{59BEED69-C795-482F-A483-3120FEC58C25}.Release|x86.ActiveCfg = Release|Any CPU
		{59BEED69-C795-482F-A483-3120FEC58C25}.Release|x86.Build.0 = Release|Any CPU
		{5FF90533-7E73-4D94-8F8F-68486923710F}.Debug|Any CPU.ActiveCfg = Debug|Any CPU
		{5FF90533-7E73-4D94-8F8F-68486923710F}.Debug|Any CPU.Build.0 = Debug|Any CPU
		{5FF90533-7E73-4D94-8F8F-68486923710F}.Debug|x64.ActiveCfg = Debug|Any CPU
		{5FF90533-7E73-4D94-8F8F-68486923710F}.Debug|x64.Build.0 = Debug|Any CPU
		{5FF90533-7E73-4D94-8F8F-68486923710F}.Debug|x86.ActiveCfg = Debug|Any CPU
		{5FF90533-7E73-4D94-8F8F-68486923710F}.Debug|x86.Build.0 = Debug|Any CPU
		{5FF90533-7E73-4D94-8F8F-68486923710F}.Release|Any CPU.ActiveCfg = Release|Any CPU
		{5FF90533-7E73-4D94-8F8F-68486923710F}.Release|Any CPU.Build.0 = Release|Any CPU
		{5FF90533-7E73-4D94-8F8F-68486923710F}.Release|x64.ActiveCfg = Release|Any CPU
		{5FF90533-7E73-4D94-8F8F-68486923710F}.Release|x64.Build.0 = Release|Any CPU
		{5FF90533-7E73-4D94-8F8F-68486923710F}.Release|x86.ActiveCfg = Release|Any CPU
		{5FF90533-7E73-4D94-8F8F-68486923710F}.Release|x86.Build.0 = Release|Any CPU
		{35A1EA09-5916-4C4E-A3C4-3A3EDF7449BF}.Debug|Any CPU.ActiveCfg = Debug|Any CPU
		{35A1EA09-5916-4C4E-A3C4-3A3EDF7449BF}.Debug|Any CPU.Build.0 = Debug|Any CPU
		{35A1EA09-5916-4C4E-A3C4-3A3EDF7449BF}.Debug|x64.ActiveCfg = Debug|Any CPU
		{35A1EA09-5916-4C4E-A3C4-3A3EDF7449BF}.Debug|x64.Build.0 = Debug|Any CPU
		{35A1EA09-5916-4C4E-A3C4-3A3EDF7449BF}.Debug|x86.ActiveCfg = Debug|Any CPU
		{35A1EA09-5916-4C4E-A3C4-3A3EDF7449BF}.Debug|x86.Build.0 = Debug|Any CPU
		{35A1EA09-5916-4C4E-A3C4-3A3EDF7449BF}.Release|Any CPU.ActiveCfg = Release|Any CPU
		{35A1EA09-5916-4C4E-A3C4-3A3EDF7449BF}.Release|Any CPU.Build.0 = Release|Any CPU
		{35A1EA09-5916-4C4E-A3C4-3A3EDF7449BF}.Release|x64.ActiveCfg = Release|Any CPU
		{35A1EA09-5916-4C4E-A3C4-3A3EDF7449BF}.Release|x64.Build.0 = Release|Any CPU
		{35A1EA09-5916-4C4E-A3C4-3A3EDF7449BF}.Release|x86.ActiveCfg = Release|Any CPU
		{35A1EA09-5916-4C4E-A3C4-3A3EDF7449BF}.Release|x86.Build.0 = Release|Any CPU
		{2BA1AF41-2C6F-4395-8E24-FC2B7D9FE006}.Debug|Any CPU.ActiveCfg = Debug|Any CPU
		{2BA1AF41-2C6F-4395-8E24-FC2B7D9FE006}.Debug|Any CPU.Build.0 = Debug|Any CPU
		{2BA1AF41-2C6F-4395-8E24-FC2B7D9FE006}.Debug|x64.ActiveCfg = Debug|Any CPU
		{2BA1AF41-2C6F-4395-8E24-FC2B7D9FE006}.Debug|x64.Build.0 = Debug|Any CPU
		{2BA1AF41-2C6F-4395-8E24-FC2B7D9FE006}.Debug|x86.ActiveCfg = Debug|Any CPU
		{2BA1AF41-2C6F-4395-8E24-FC2B7D9FE006}.Debug|x86.Build.0 = Debug|Any CPU
		{2BA1AF41-2C6F-4395-8E24-FC2B7D9FE006}.Release|Any CPU.ActiveCfg = Release|Any CPU
		{2BA1AF41-2C6F-4395-8E24-FC2B7D9FE006}.Release|Any CPU.Build.0 = Release|Any CPU
		{2BA1AF41-2C6F-4395-8E24-FC2B7D9FE006}.Release|x64.ActiveCfg = Release|Any CPU
		{2BA1AF41-2C6F-4395-8E24-FC2B7D9FE006}.Release|x64.Build.0 = Release|Any CPU
		{2BA1AF41-2C6F-4395-8E24-FC2B7D9FE006}.Release|x86.ActiveCfg = Release|Any CPU
		{2BA1AF41-2C6F-4395-8E24-FC2B7D9FE006}.Release|x86.Build.0 = Release|Any CPU
		{BDCD12AB-38DD-4D27-A61A-2EBB8D73698B}.Debug|Any CPU.ActiveCfg = Debug|Any CPU
		{BDCD12AB-38DD-4D27-A61A-2EBB8D73698B}.Debug|Any CPU.Build.0 = Debug|Any CPU
		{BDCD12AB-38DD-4D27-A61A-2EBB8D73698B}.Debug|x64.ActiveCfg = Debug|Any CPU
		{BDCD12AB-38DD-4D27-A61A-2EBB8D73698B}.Debug|x64.Build.0 = Debug|Any CPU
		{BDCD12AB-38DD-4D27-A61A-2EBB8D73698B}.Debug|x86.ActiveCfg = Debug|Any CPU
		{BDCD12AB-38DD-4D27-A61A-2EBB8D73698B}.Debug|x86.Build.0 = Debug|Any CPU
		{BDCD12AB-38DD-4D27-A61A-2EBB8D73698B}.Release|Any CPU.ActiveCfg = Release|Any CPU
		{BDCD12AB-38DD-4D27-A61A-2EBB8D73698B}.Release|Any CPU.Build.0 = Release|Any CPU
		{BDCD12AB-38DD-4D27-A61A-2EBB8D73698B}.Release|x64.ActiveCfg = Release|Any CPU
		{BDCD12AB-38DD-4D27-A61A-2EBB8D73698B}.Release|x64.Build.0 = Release|Any CPU
		{BDCD12AB-38DD-4D27-A61A-2EBB8D73698B}.Release|x86.ActiveCfg = Release|Any CPU
		{BDCD12AB-38DD-4D27-A61A-2EBB8D73698B}.Release|x86.Build.0 = Release|Any CPU
		{CD8B7B37-1D1A-4EC8-AD8E-21A92F971543}.Debug|Any CPU.ActiveCfg = Debug|Any CPU
		{CD8B7B37-1D1A-4EC8-AD8E-21A92F971543}.Debug|Any CPU.Build.0 = Debug|Any CPU
		{CD8B7B37-1D1A-4EC8-AD8E-21A92F971543}.Debug|x64.ActiveCfg = Debug|Any CPU
		{CD8B7B37-1D1A-4EC8-AD8E-21A92F971543}.Debug|x64.Build.0 = Debug|Any CPU
		{CD8B7B37-1D1A-4EC8-AD8E-21A92F971543}.Debug|x86.ActiveCfg = Debug|Any CPU
		{CD8B7B37-1D1A-4EC8-AD8E-21A92F971543}.Debug|x86.Build.0 = Debug|Any CPU
		{CD8B7B37-1D1A-4EC8-AD8E-21A92F971543}.Release|Any CPU.ActiveCfg = Release|Any CPU
		{CD8B7B37-1D1A-4EC8-AD8E-21A92F971543}.Release|Any CPU.Build.0 = Release|Any CPU
		{CD8B7B37-1D1A-4EC8-AD8E-21A92F971543}.Release|x64.ActiveCfg = Release|Any CPU
		{CD8B7B37-1D1A-4EC8-AD8E-21A92F971543}.Release|x64.Build.0 = Release|Any CPU
		{CD8B7B37-1D1A-4EC8-AD8E-21A92F971543}.Release|x86.ActiveCfg = Release|Any CPU
		{CD8B7B37-1D1A-4EC8-AD8E-21A92F971543}.Release|x86.Build.0 = Release|Any CPU
		{864A69D7-4BCF-458E-B587-DA6E9B78199C}.Debug|Any CPU.ActiveCfg = Debug|Any CPU
		{864A69D7-4BCF-458E-B587-DA6E9B78199C}.Debug|Any CPU.Build.0 = Debug|Any CPU
		{864A69D7-4BCF-458E-B587-DA6E9B78199C}.Debug|x64.ActiveCfg = Debug|Any CPU
		{864A69D7-4BCF-458E-B587-DA6E9B78199C}.Debug|x64.Build.0 = Debug|Any CPU
		{864A69D7-4BCF-458E-B587-DA6E9B78199C}.Debug|x86.ActiveCfg = Debug|Any CPU
		{864A69D7-4BCF-458E-B587-DA6E9B78199C}.Debug|x86.Build.0 = Debug|Any CPU
		{864A69D7-4BCF-458E-B587-DA6E9B78199C}.Release|Any CPU.ActiveCfg = Release|Any CPU
		{864A69D7-4BCF-458E-B587-DA6E9B78199C}.Release|Any CPU.Build.0 = Release|Any CPU
		{864A69D7-4BCF-458E-B587-DA6E9B78199C}.Release|x64.ActiveCfg = Release|Any CPU
		{864A69D7-4BCF-458E-B587-DA6E9B78199C}.Release|x64.Build.0 = Release|Any CPU
		{864A69D7-4BCF-458E-B587-DA6E9B78199C}.Release|x86.ActiveCfg = Release|Any CPU
		{864A69D7-4BCF-458E-B587-DA6E9B78199C}.Release|x86.Build.0 = Release|Any CPU
		{E6FB3F3B-677B-4E88-B864-4BD86703020F}.Debug|Any CPU.ActiveCfg = Debug|Any CPU
		{E6FB3F3B-677B-4E88-B864-4BD86703020F}.Debug|Any CPU.Build.0 = Debug|Any CPU
		{E6FB3F3B-677B-4E88-B864-4BD86703020F}.Debug|x64.ActiveCfg = Debug|Any CPU
		{E6FB3F3B-677B-4E88-B864-4BD86703020F}.Debug|x64.Build.0 = Debug|Any CPU
		{E6FB3F3B-677B-4E88-B864-4BD86703020F}.Debug|x86.ActiveCfg = Debug|Any CPU
		{E6FB3F3B-677B-4E88-B864-4BD86703020F}.Debug|x86.Build.0 = Debug|Any CPU
		{E6FB3F3B-677B-4E88-B864-4BD86703020F}.Release|Any CPU.ActiveCfg = Release|Any CPU
		{E6FB3F3B-677B-4E88-B864-4BD86703020F}.Release|Any CPU.Build.0 = Release|Any CPU
		{E6FB3F3B-677B-4E88-B864-4BD86703020F}.Release|x64.ActiveCfg = Release|Any CPU
		{E6FB3F3B-677B-4E88-B864-4BD86703020F}.Release|x64.Build.0 = Release|Any CPU
		{E6FB3F3B-677B-4E88-B864-4BD86703020F}.Release|x86.ActiveCfg = Release|Any CPU
		{E6FB3F3B-677B-4E88-B864-4BD86703020F}.Release|x86.Build.0 = Release|Any CPU
		{6A45A377-02E6-476E-B537-2E4692EFADC1}.Debug|Any CPU.ActiveCfg = Debug|Any CPU
		{6A45A377-02E6-476E-B537-2E4692EFADC1}.Debug|Any CPU.Build.0 = Debug|Any CPU
		{6A45A377-02E6-476E-B537-2E4692EFADC1}.Debug|x64.ActiveCfg = Debug|Any CPU
		{6A45A377-02E6-476E-B537-2E4692EFADC1}.Debug|x64.Build.0 = Debug|Any CPU
		{6A45A377-02E6-476E-B537-2E4692EFADC1}.Debug|x86.ActiveCfg = Debug|Any CPU
		{6A45A377-02E6-476E-B537-2E4692EFADC1}.Debug|x86.Build.0 = Debug|Any CPU
		{6A45A377-02E6-476E-B537-2E4692EFADC1}.Release|Any CPU.ActiveCfg = Release|Any CPU
		{6A45A377-02E6-476E-B537-2E4692EFADC1}.Release|Any CPU.Build.0 = Release|Any CPU
		{6A45A377-02E6-476E-B537-2E4692EFADC1}.Release|x64.ActiveCfg = Release|Any CPU
		{6A45A377-02E6-476E-B537-2E4692EFADC1}.Release|x64.Build.0 = Release|Any CPU
		{6A45A377-02E6-476E-B537-2E4692EFADC1}.Release|x86.ActiveCfg = Release|Any CPU
		{6A45A377-02E6-476E-B537-2E4692EFADC1}.Release|x86.Build.0 = Release|Any CPU
		{0ED12753-CA2D-45FD-95C7-EFCCF16F3353}.Debug|Any CPU.ActiveCfg = Debug|Any CPU
		{0ED12753-CA2D-45FD-95C7-EFCCF16F3353}.Debug|Any CPU.Build.0 = Debug|Any CPU
		{0ED12753-CA2D-45FD-95C7-EFCCF16F3353}.Debug|x64.ActiveCfg = Debug|Any CPU
		{0ED12753-CA2D-45FD-95C7-EFCCF16F3353}.Debug|x64.Build.0 = Debug|Any CPU
		{0ED12753-CA2D-45FD-95C7-EFCCF16F3353}.Debug|x86.ActiveCfg = Debug|Any CPU
		{0ED12753-CA2D-45FD-95C7-EFCCF16F3353}.Debug|x86.Build.0 = Debug|Any CPU
		{0ED12753-CA2D-45FD-95C7-EFCCF16F3353}.Release|Any CPU.ActiveCfg = Release|Any CPU
		{0ED12753-CA2D-45FD-95C7-EFCCF16F3353}.Release|Any CPU.Build.0 = Release|Any CPU
		{0ED12753-CA2D-45FD-95C7-EFCCF16F3353}.Release|x64.ActiveCfg = Release|Any CPU
		{0ED12753-CA2D-45FD-95C7-EFCCF16F3353}.Release|x64.Build.0 = Release|Any CPU
		{0ED12753-CA2D-45FD-95C7-EFCCF16F3353}.Release|x86.ActiveCfg = Release|Any CPU
		{0ED12753-CA2D-45FD-95C7-EFCCF16F3353}.Release|x86.Build.0 = Release|Any CPU
		{D2165CAB-FACB-4199-AFB9-E01CC36C302E}.Debug|Any CPU.ActiveCfg = Debug|Any CPU
		{D2165CAB-FACB-4199-AFB9-E01CC36C302E}.Debug|Any CPU.Build.0 = Debug|Any CPU
		{D2165CAB-FACB-4199-AFB9-E01CC36C302E}.Debug|x64.ActiveCfg = Debug|Any CPU
		{D2165CAB-FACB-4199-AFB9-E01CC36C302E}.Debug|x64.Build.0 = Debug|Any CPU
		{D2165CAB-FACB-4199-AFB9-E01CC36C302E}.Debug|x86.ActiveCfg = Debug|Any CPU
		{D2165CAB-FACB-4199-AFB9-E01CC36C302E}.Debug|x86.Build.0 = Debug|Any CPU
		{D2165CAB-FACB-4199-AFB9-E01CC36C302E}.Release|Any CPU.ActiveCfg = Release|Any CPU
		{D2165CAB-FACB-4199-AFB9-E01CC36C302E}.Release|Any CPU.Build.0 = Release|Any CPU
		{D2165CAB-FACB-4199-AFB9-E01CC36C302E}.Release|x64.ActiveCfg = Release|Any CPU
		{D2165CAB-FACB-4199-AFB9-E01CC36C302E}.Release|x64.Build.0 = Release|Any CPU
		{D2165CAB-FACB-4199-AFB9-E01CC36C302E}.Release|x86.ActiveCfg = Release|Any CPU
		{D2165CAB-FACB-4199-AFB9-E01CC36C302E}.Release|x86.Build.0 = Release|Any CPU
		{53DE22EC-1456-450B-8FC8-6C0BBDFAEB8E}.Debug|Any CPU.ActiveCfg = Debug|Any CPU
		{53DE22EC-1456-450B-8FC8-6C0BBDFAEB8E}.Debug|Any CPU.Build.0 = Debug|Any CPU
		{53DE22EC-1456-450B-8FC8-6C0BBDFAEB8E}.Debug|x64.ActiveCfg = Debug|Any CPU
		{53DE22EC-1456-450B-8FC8-6C0BBDFAEB8E}.Debug|x64.Build.0 = Debug|Any CPU
		{53DE22EC-1456-450B-8FC8-6C0BBDFAEB8E}.Debug|x86.ActiveCfg = Debug|Any CPU
		{53DE22EC-1456-450B-8FC8-6C0BBDFAEB8E}.Debug|x86.Build.0 = Debug|Any CPU
		{53DE22EC-1456-450B-8FC8-6C0BBDFAEB8E}.Release|Any CPU.ActiveCfg = Release|Any CPU
		{53DE22EC-1456-450B-8FC8-6C0BBDFAEB8E}.Release|Any CPU.Build.0 = Release|Any CPU
		{53DE22EC-1456-450B-8FC8-6C0BBDFAEB8E}.Release|x64.ActiveCfg = Release|Any CPU
		{53DE22EC-1456-450B-8FC8-6C0BBDFAEB8E}.Release|x64.Build.0 = Release|Any CPU
		{53DE22EC-1456-450B-8FC8-6C0BBDFAEB8E}.Release|x86.ActiveCfg = Release|Any CPU
		{53DE22EC-1456-450B-8FC8-6C0BBDFAEB8E}.Release|x86.Build.0 = Release|Any CPU
		{F20FDCD4-F3E5-4EC0-92FB-616077244595}.Debug|Any CPU.ActiveCfg = Debug|Any CPU
		{F20FDCD4-F3E5-4EC0-92FB-616077244595}.Debug|Any CPU.Build.0 = Debug|Any CPU
		{F20FDCD4-F3E5-4EC0-92FB-616077244595}.Debug|x64.ActiveCfg = Debug|Any CPU
		{F20FDCD4-F3E5-4EC0-92FB-616077244595}.Debug|x64.Build.0 = Debug|Any CPU
		{F20FDCD4-F3E5-4EC0-92FB-616077244595}.Debug|x86.ActiveCfg = Debug|Any CPU
		{F20FDCD4-F3E5-4EC0-92FB-616077244595}.Debug|x86.Build.0 = Debug|Any CPU
		{F20FDCD4-F3E5-4EC0-92FB-616077244595}.Release|Any CPU.ActiveCfg = Release|Any CPU
		{F20FDCD4-F3E5-4EC0-92FB-616077244595}.Release|Any CPU.Build.0 = Release|Any CPU
		{F20FDCD4-F3E5-4EC0-92FB-616077244595}.Release|x64.ActiveCfg = Release|Any CPU
		{F20FDCD4-F3E5-4EC0-92FB-616077244595}.Release|x64.Build.0 = Release|Any CPU
		{F20FDCD4-F3E5-4EC0-92FB-616077244595}.Release|x86.ActiveCfg = Release|Any CPU
		{F20FDCD4-F3E5-4EC0-92FB-616077244595}.Release|x86.Build.0 = Release|Any CPU
		{5538B477-5873-4C54-9106-593E1F827B0F}.Debug|Any CPU.ActiveCfg = Debug|Any CPU
		{5538B477-5873-4C54-9106-593E1F827B0F}.Debug|Any CPU.Build.0 = Debug|Any CPU
		{5538B477-5873-4C54-9106-593E1F827B0F}.Debug|x64.ActiveCfg = Debug|Any CPU
		{5538B477-5873-4C54-9106-593E1F827B0F}.Debug|x64.Build.0 = Debug|Any CPU
		{5538B477-5873-4C54-9106-593E1F827B0F}.Debug|x86.ActiveCfg = Debug|Any CPU
		{5538B477-5873-4C54-9106-593E1F827B0F}.Debug|x86.Build.0 = Debug|Any CPU
		{5538B477-5873-4C54-9106-593E1F827B0F}.Release|Any CPU.ActiveCfg = Release|Any CPU
		{5538B477-5873-4C54-9106-593E1F827B0F}.Release|Any CPU.Build.0 = Release|Any CPU
		{5538B477-5873-4C54-9106-593E1F827B0F}.Release|x64.ActiveCfg = Release|Any CPU
		{5538B477-5873-4C54-9106-593E1F827B0F}.Release|x64.Build.0 = Release|Any CPU
		{5538B477-5873-4C54-9106-593E1F827B0F}.Release|x86.ActiveCfg = Release|Any CPU
		{5538B477-5873-4C54-9106-593E1F827B0F}.Release|x86.Build.0 = Release|Any CPU
	EndGlobalSection
	GlobalSection(SolutionProperties) = preSolution
		HideSolutionNode = FALSE
	EndGlobalSection
	GlobalSection(NestedProjects) = preSolution
		{2FEE1BC8-7E29-44CA-89BA-D792366708C6} = {0AB3BF05-4346-4AA6-1389-037BE0695223}
		{C8E42992-5E42-0C2B-DBFE-AA848D06431C} = {827E0CD3-B72D-47B6-A68D-7590B98EB39B}
		{CEAE6102-B0C8-4D30-A2B2-7BD4449621B8} = {C8E42992-5E42-0C2B-DBFE-AA848D06431C}
		{8D35EFEC-78C4-8934-F699-CDC21DCDF895} = {827E0CD3-B72D-47B6-A68D-7590B98EB39B}
		{D7FC42E7-E344-4552-8529-C2822CF9C19C} = {8D35EFEC-78C4-8934-F699-CDC21DCDF895}
		{59BEED69-C795-482F-A483-3120FEC58C25} = {8D35EFEC-78C4-8934-F699-CDC21DCDF895}
		{5FF90533-7E73-4D94-8F8F-68486923710F} = {8D35EFEC-78C4-8934-F699-CDC21DCDF895}
		{35A1EA09-5916-4C4E-A3C4-3A3EDF7449BF} = {8D35EFEC-78C4-8934-F699-CDC21DCDF895}
		{F8429904-7E2C-C2A1-B646-27B8C804A29C} = {827E0CD3-B72D-47B6-A68D-7590B98EB39B}
		{2BA1AF41-2C6F-4395-8E24-FC2B7D9FE006} = {F8429904-7E2C-C2A1-B646-27B8C804A29C}
		{BDCD12AB-38DD-4D27-A61A-2EBB8D73698B} = {F8429904-7E2C-C2A1-B646-27B8C804A29C}
		{CD8B7B37-1D1A-4EC8-AD8E-21A92F971543} = {F8429904-7E2C-C2A1-B646-27B8C804A29C}
		{864A69D7-4BCF-458E-B587-DA6E9B78199C} = {F8429904-7E2C-C2A1-B646-27B8C804A29C}
		{A3FD96FA-080B-1949-C19C-74D13802BED7} = {827E0CD3-B72D-47B6-A68D-7590B98EB39B}
		{E6FB3F3B-677B-4E88-B864-4BD86703020F} = {A3FD96FA-080B-1949-C19C-74D13802BED7}
		{6A45A377-02E6-476E-B537-2E4692EFADC1} = {A3FD96FA-080B-1949-C19C-74D13802BED7}
		{0ED12753-CA2D-45FD-95C7-EFCCF16F3353} = {A3FD96FA-080B-1949-C19C-74D13802BED7}
		{D2165CAB-FACB-4199-AFB9-E01CC36C302E} = {A3FD96FA-080B-1949-C19C-74D13802BED7}
		{53DE22EC-1456-450B-8FC8-6C0BBDFAEB8E} = {0AB3BF05-4346-4AA6-1389-037BE0695223}
		{F20FDCD4-F3E5-4EC0-92FB-616077244595} = {0AB3BF05-4346-4AA6-1389-037BE0695223}
		{5538B477-5873-4C54-9106-593E1F827B0F} = {0AB3BF05-4346-4AA6-1389-037BE0695223}
	EndGlobalSection
EndGlobal
